# THIS IS AN AUTOGENERATED FILE. DO NOT EDIT THIS FILE DIRECTLY.
# yarn lockfile v1


ansi-to-html@^0.7.0:
  version "0.7.0"
  resolved "https://registry.yarnpkg.com/ansi-to-html/-/ansi-to-html-0.7.0.tgz#bd048451a43b5c5abe03272f5e40aaede3a158e6"
  integrity sha512-XYAN+0+3Bi+nmTQBq717bGToQVpzq2AoukAaDnQQvpmqIbedjsdSDuGD7+YLYOPBh7rjc7A6ko5cLLDp06QNjw==
  dependencies:
    entities "^2.2.0"

entities@^2.2.0:
  version "2.2.0"
  resolved "https://registry.yarnpkg.com/entities/-/entities-2.2.0.tgz#098dc90ebb83d8dffa089d55256b351d34c4da55"
  integrity sha512-p92if5Nz619I0w+akJrLZH0MX0Pb5DX39XOwQTtXSdQQOaYH03S1uIQp4mhOZtAXrxq4ViO67YTiLBo2638o9A==
